
Microsoft Visual Studio Solution File, Format Version 12.00
# Visual Studio Version 16
VisualStudioVersion = 16.0.30114.105
MinimumVisualStudioVersion = 10.0.40219.1
Project("{FAE04EC0-301F-11D3-BF4B-00C04F79EFBC}") = "WebApi", "WebApi\WebApi.csproj", "{4C8499ED-50BF-4E53-9761-4BA04D1301F1}"
EndProject
Project("{FAE04EC0-301F-11D3-BF4B-00C04F79EFBC}") = "ConsoleClient", "ConsoleClient\ConsoleClient.csproj", "{6E018443-F0F7-482B-AB10-607E7E9F8F18}"
EndProject
Project("{FAE04EC0-301F-11D3-BF4B-00C04F79EFBC}") = "ConsoleServer", "ConsoleServer\ConsoleServer.csproj", "{2B722F3F-3D8C-467D-B52A-63E8E632F7B9}"
EndProject
Project("{FAE04EC0-301F-11D3-BF4B-00C04F79EFBC}") = "ChatServer", "ChatServer\ChatServer.csproj", "{525300E8-C742-4608-A4D3-8C4AF53A3212}"
EndProject
Project("{FAE04EC0-301F-11D3-BF4B-00C04F79EFBC}") = "ChatClient", "ChatClient\ChatClient.csproj", "{902354C0-D596-4511-BE86-B0C19E05F82A}"
EndProject
Project("{FAE04EC0-301F-11D3-BF4B-00C04F79EFBC}") = "Expressions", "Expressions\Expressions.csproj", "{193C66EB-96E0-49F7-B99B-E7B26F908D68}"
EndProject
Project("{FAE04EC0-301F-11D3-BF4B-00C04F79EFBC}") = "AppDomainDemo", "AppDomainDemo\AppDomainDemo.csproj", "{78ED84CC-3FB1-4C17-83B7-6991B816BCCA}"
EndProject
Project("{FAE04EC0-301F-11D3-BF4B-00C04F79EFBC}") = "Validator", "Validator\Validator.csproj", "{2640E4FE-2FFB-4A3B-AA34-0464E51F7A78}"
EndProject
Project("{FAE04EC0-301F-11D3-BF4B-00C04F79EFBC}") = "RedisPubSub", "RedisPubSub\RedisPubSub.csproj", "{20FADDB6-8EF4-43B4-AA07-1F23A634A92C}"
EndProject
Project("{FAE04EC0-301F-11D3-BF4B-00C04F79EFBC}") = "UnsafeProject", "UnsafeProject\UnsafeProject.csproj", "{D8F3AE25-16F5-4B71-B98D-ABBA9C5F9905}"
EndProject
Project("{FAE04EC0-301F-11D3-BF4B-00C04F79EFBC}") = "QuerySelectDiff", "QuerySelectDiff\QuerySelectDiff.csproj", "{CF7CE1FC-3B6F-4418-9B30-D06016399F9A}"
EndProject
Project("{FAE04EC0-301F-11D3-BF4B-00C04F79EFBC}") = "Validator.DependencyInjectionExtensions", "Validator.DependencyInjectionExtensions\Validator.DependencyInjectionExtensions.csproj", "{A45315E3-C807-4ADE-A876-7BC60837D824}"
EndProject
Project("{FAE04EC0-301F-11D3-BF4B-00C04F79EFBC}") = "AlgorithmsAndDataStructures", "AlgorithmsAndDataStructures\AlgorithmsAndDataStructures.csproj", "{BE53640B-9536-48D9-9325-ED9A247892BA}"
EndProject
Project("{FAE04EC0-301F-11D3-BF4B-00C04F79EFBC}") = "Threads", "Threads\Threads.csproj", "{49329E49-0155-40A0-8463-32484494D0E9}"
EndProject
Project("{FAE04EC0-301F-11D3-BF4B-00C04F79EFBC}") = "Tests", "Tests\Tests.csproj", "{22DF79B4-0BDD-4652-9E5E-9F441A876C24}"
EndProject
Global
	GlobalSection(SolutionConfigurationPlatforms) = preSolution
		Debug|Any CPU = Debug|Any CPU
		Debug|x64 = Debug|x64
		Debug|x86 = Debug|x86
		Release|Any CPU = Release|Any CPU
		Release|x64 = Release|x64
		Release|x86 = Release|x86
	EndGlobalSection
	GlobalSection(SolutionProperties) = preSolution
		HideSolutionNode = FALSE
	EndGlobalSection
	GlobalSection(ProjectConfigurationPlatforms) = postSolution
		{4C8499ED-50BF-4E53-9761-4BA04D1301F1}.Debug|Any CPU.ActiveCfg = Debug|Any CPU
		{4C8499ED-50BF-4E53-9761-4BA04D1301F1}.Debug|Any CPU.Build.0 = Debug|Any CPU
		{4C8499ED-50BF-4E53-9761-4BA04D1301F1}.Debug|x64.ActiveCfg = Debug|Any CPU
		{4C8499ED-50BF-4E53-9761-4BA04D1301F1}.Debug|x64.Build.0 = Debug|Any CPU
		{4C8499ED-50BF-4E53-9761-4BA04D1301F1}.Debug|x86.ActiveCfg = Debug|Any CPU
		{4C8499ED-50BF-4E53-9761-4BA04D1301F1}.Debug|x86.Build.0 = Debug|Any CPU
		{4C8499ED-50BF-4E53-9761-4BA04D1301F1}.Release|Any CPU.ActiveCfg = Release|Any CPU
		{4C8499ED-50BF-4E53-9761-4BA04D1301F1}.Release|Any CPU.Build.0 = Release|Any CPU
		{4C8499ED-50BF-4E53-9761-4BA04D1301F1}.Release|x64.ActiveCfg = Release|Any CPU
		{4C8499ED-50BF-4E53-9761-4BA04D1301F1}.Release|x64.Build.0 = Release|Any CPU
		{4C8499ED-50BF-4E53-9761-4BA04D1301F1}.Release|x86.ActiveCfg = Release|Any CPU
		{4C8499ED-50BF-4E53-9761-4BA04D1301F1}.Release|x86.Build.0 = Release|Any CPU
		{6E018443-F0F7-482B-AB10-607E7E9F8F18}.Debug|Any CPU.ActiveCfg = Debug|Any CPU
		{6E018443-F0F7-482B-AB10-607E7E9F8F18}.Debug|Any CPU.Build.0 = Debug|Any CPU
		{6E018443-F0F7-482B-AB10-607E7E9F8F18}.Debug|x64.ActiveCfg = Debug|Any CPU
		{6E018443-F0F7-482B-AB10-607E7E9F8F18}.Debug|x64.Build.0 = Debug|Any CPU
		{6E018443-F0F7-482B-AB10-607E7E9F8F18}.Debug|x86.ActiveCfg = Debug|Any CPU
		{6E018443-F0F7-482B-AB10-607E7E9F8F18}.Debug|x86.Build.0 = Debug|Any CPU
		{6E018443-F0F7-482B-AB10-607E7E9F8F18}.Release|Any CPU.ActiveCfg = Release|Any CPU
		{6E018443-F0F7-482B-AB10-607E7E9F8F18}.Release|Any CPU.Build.0 = Release|Any CPU
		{6E018443-F0F7-482B-AB10-607E7E9F8F18}.Release|x64.ActiveCfg = Release|Any CPU
		{6E018443-F0F7-482B-AB10-607E7E9F8F18}.Release|x64.Build.0 = Release|Any CPU
		{6E018443-F0F7-482B-AB10-607E7E9F8F18}.Release|x86.ActiveCfg = Release|Any CPU
		{6E018443-F0F7-482B-AB10-607E7E9F8F18}.Release|x86.Build.0 = Release|Any CPU
		{2B722F3F-3D8C-467D-B52A-63E8E632F7B9}.Debug|Any CPU.ActiveCfg = Debug|Any CPU
		{2B722F3F-3D8C-467D-B52A-63E8E632F7B9}.Debug|Any CPU.Build.0 = Debug|Any CPU
		{2B722F3F-3D8C-467D-B52A-63E8E632F7B9}.Debug|x64.ActiveCfg = Debug|Any CPU
		{2B722F3F-3D8C-467D-B52A-63E8E632F7B9}.Debug|x64.Build.0 = Debug|Any CPU
		{2B722F3F-3D8C-467D-B52A-63E8E632F7B9}.Debug|x86.ActiveCfg = Debug|Any CPU
		{2B722F3F-3D8C-467D-B52A-63E8E632F7B9}.Debug|x86.Build.0 = Debug|Any CPU
		{2B722F3F-3D8C-467D-B52A-63E8E632F7B9}.Release|Any CPU.ActiveCfg = Release|Any CPU
		{2B722F3F-3D8C-467D-B52A-63E8E632F7B9}.Release|Any CPU.Build.0 = Release|Any CPU
		{2B722F3F-3D8C-467D-B52A-63E8E632F7B9}.Release|x64.ActiveCfg = Release|Any CPU
		{2B722F3F-3D8C-467D-B52A-63E8E632F7B9}.Release|x64.Build.0 = Release|Any CPU
		{2B722F3F-3D8C-467D-B52A-63E8E632F7B9}.Release|x86.ActiveCfg = Release|Any CPU
		{2B722F3F-3D8C-467D-B52A-63E8E632F7B9}.Release|x86.Build.0 = Release|Any CPU
		{525300E8-C742-4608-A4D3-8C4AF53A3212}.Debug|Any CPU.ActiveCfg = Debug|Any CPU
		{525300E8-C742-4608-A4D3-8C4AF53A3212}.Debug|Any CPU.Build.0 = Debug|Any CPU
		{525300E8-C742-4608-A4D3-8C4AF53A3212}.Debug|x64.ActiveCfg = Debug|Any CPU
		{525300E8-C742-4608-A4D3-8C4AF53A3212}.Debug|x64.Build.0 = Debug|Any CPU
		{525300E8-C742-4608-A4D3-8C4AF53A3212}.Debug|x86.ActiveCfg = Debug|Any CPU
		{525300E8-C742-4608-A4D3-8C4AF53A3212}.Debug|x86.Build.0 = Debug|Any CPU
		{525300E8-C742-4608-A4D3-8C4AF53A3212}.Release|Any CPU.ActiveCfg = Release|Any CPU
		{525300E8-C742-4608-A4D3-8C4AF53A3212}.Release|Any CPU.Build.0 = Release|Any CPU
		{525300E8-C742-4608-A4D3-8C4AF53A3212}.Release|x64.ActiveCfg = Release|Any CPU
		{525300E8-C742-4608-A4D3-8C4AF53A3212}.Release|x64.Build.0 = Release|Any CPU
		{525300E8-C742-4608-A4D3-8C4AF53A3212}.Release|x86.ActiveCfg = Release|Any CPU
		{525300E8-C742-4608-A4D3-8C4AF53A3212}.Release|x86.Build.0 = Release|Any CPU
		{902354C0-D596-4511-BE86-B0C19E05F82A}.Debug|Any CPU.ActiveCfg = Debug|Any CPU
		{902354C0-D596-4511-BE86-B0C19E05F82A}.Debug|Any CPU.Build.0 = Debug|Any CPU
		{902354C0-D596-4511-BE86-B0C19E05F82A}.Debug|x64.ActiveCfg = Debug|Any CPU
		{902354C0-D596-4511-BE86-B0C19E05F82A}.Debug|x64.Build.0 = Debug|Any CPU
		{902354C0-D596-4511-BE86-B0C19E05F82A}.Debug|x86.ActiveCfg = Debug|Any CPU
		{902354C0-D596-4511-BE86-B0C19E05F82A}.Debug|x86.Build.0 = Debug|Any CPU
		{902354C0-D596-4511-BE86-B0C19E05F82A}.Release|Any CPU.ActiveCfg = Release|Any CPU
		{902354C0-D596-4511-BE86-B0C19E05F82A}.Release|Any CPU.Build.0 = Release|Any CPU
		{902354C0-D596-4511-BE86-B0C19E05F82A}.Release|x64.ActiveCfg = Release|Any CPU
		{902354C0-D596-4511-BE86-B0C19E05F82A}.Release|x64.Build.0 = Release|Any CPU
		{902354C0-D596-4511-BE86-B0C19E05F82A}.Release|x86.ActiveCfg = Release|Any CPU
		{902354C0-D596-4511-BE86-B0C19E05F82A}.Release|x86.Build.0 = Release|Any CPU
		{193C66EB-96E0-49F7-B99B-E7B26F908D68}.Debug|Any CPU.ActiveCfg = Debug|Any CPU
		{193C66EB-96E0-49F7-B99B-E7B26F908D68}.Debug|Any CPU.Build.0 = Debug|Any CPU
		{193C66EB-96E0-49F7-B99B-E7B26F908D68}.Debug|x64.ActiveCfg = Debug|Any CPU
		{193C66EB-96E0-49F7-B99B-E7B26F908D68}.Debug|x64.Build.0 = Debug|Any CPU
		{193C66EB-96E0-49F7-B99B-E7B26F908D68}.Debug|x86.ActiveCfg = Debug|Any CPU
		{193C66EB-96E0-49F7-B99B-E7B26F908D68}.Debug|x86.Build.0 = Debug|Any CPU
		{193C66EB-96E0-49F7-B99B-E7B26F908D68}.Release|Any CPU.ActiveCfg = Release|Any CPU
		{193C66EB-96E0-49F7-B99B-E7B26F908D68}.Release|Any CPU.Build.0 = Release|Any CPU
		{193C66EB-96E0-49F7-B99B-E7B26F908D68}.Release|x64.ActiveCfg = Release|Any CPU
		{193C66EB-96E0-49F7-B99B-E7B26F908D68}.Release|x64.Build.0 = Release|Any CPU
		{193C66EB-96E0-49F7-B99B-E7B26F908D68}.Release|x86.ActiveCfg = Release|Any CPU
		{193C66EB-96E0-49F7-B99B-E7B26F908D68}.Release|x86.Build.0 = Release|Any CPU
		{78ED84CC-3FB1-4C17-83B7-6991B816BCCA}.Debug|Any CPU.ActiveCfg = Debug|Any CPU
		{78ED84CC-3FB1-4C17-83B7-6991B816BCCA}.Debug|Any CPU.Build.0 = Debug|Any CPU
		{78ED84CC-3FB1-4C17-83B7-6991B816BCCA}.Debug|x64.ActiveCfg = Debug|Any CPU
		{78ED84CC-3FB1-4C17-83B7-6991B816BCCA}.Debug|x64.Build.0 = Debug|Any CPU
		{78ED84CC-3FB1-4C17-83B7-6991B816BCCA}.Debug|x86.ActiveCfg = Debug|Any CPU
		{78ED84CC-3FB1-4C17-83B7-6991B816BCCA}.Debug|x86.Build.0 = Debug|Any CPU
		{78ED84CC-3FB1-4C17-83B7-6991B816BCCA}.Release|Any CPU.ActiveCfg = Release|Any CPU
		{78ED84CC-3FB1-4C17-83B7-6991B816BCCA}.Release|Any CPU.Build.0 = Release|Any CPU
		{78ED84CC-3FB1-4C17-83B7-6991B816BCCA}.Release|x64.ActiveCfg = Release|Any CPU
		{78ED84CC-3FB1-4C17-83B7-6991B816BCCA}.Release|x64.Build.0 = Release|Any CPU
		{78ED84CC-3FB1-4C17-83B7-6991B816BCCA}.Release|x86.ActiveCfg = Release|Any CPU
		{78ED84CC-3FB1-4C17-83B7-6991B816BCCA}.Release|x86.Build.0 = Release|Any CPU
		{2640E4FE-2FFB-4A3B-AA34-0464E51F7A78}.Debug|Any CPU.ActiveCfg = Debug|Any CPU
		{2640E4FE-2FFB-4A3B-AA34-0464E51F7A78}.Debug|Any CPU.Build.0 = Debug|Any CPU
		{2640E4FE-2FFB-4A3B-AA34-0464E51F7A78}.Debug|x64.ActiveCfg = Debug|Any CPU
		{2640E4FE-2FFB-4A3B-AA34-0464E51F7A78}.Debug|x64.Build.0 = Debug|Any CPU
		{2640E4FE-2FFB-4A3B-AA34-0464E51F7A78}.Debug|x86.ActiveCfg = Debug|Any CPU
		{2640E4FE-2FFB-4A3B-AA34-0464E51F7A78}.Debug|x86.Build.0 = Debug|Any CPU
		{2640E4FE-2FFB-4A3B-AA34-0464E51F7A78}.Release|Any CPU.ActiveCfg = Release|Any CPU
		{2640E4FE-2FFB-4A3B-AA34-0464E51F7A78}.Release|Any CPU.Build.0 = Release|Any CPU
		{2640E4FE-2FFB-4A3B-AA34-0464E51F7A78}.Release|x64.ActiveCfg = Release|Any CPU
		{2640E4FE-2FFB-4A3B-AA34-0464E51F7A78}.Release|x64.Build.0 = Release|Any CPU
		{2640E4FE-2FFB-4A3B-AA34-0464E51F7A78}.Release|x86.ActiveCfg = Release|Any CPU
		{2640E4FE-2FFB-4A3B-AA34-0464E51F7A78}.Release|x86.Build.0 = Release|Any CPU
		{20FADDB6-8EF4-43B4-AA07-1F23A634A92C}.Debug|Any CPU.ActiveCfg = Debug|Any CPU
		{20FADDB6-8EF4-43B4-AA07-1F23A634A92C}.Debug|Any CPU.Build.0 = Debug|Any CPU
		{20FADDB6-8EF4-43B4-AA07-1F23A634A92C}.Debug|x64.ActiveCfg = Debug|Any CPU
		{20FADDB6-8EF4-43B4-AA07-1F23A634A92C}.Debug|x64.Build.0 = Debug|Any CPU
		{20FADDB6-8EF4-43B4-AA07-1F23A634A92C}.Debug|x86.ActiveCfg = Debug|Any CPU
		{20FADDB6-8EF4-43B4-AA07-1F23A634A92C}.Debug|x86.Build.0 = Debug|Any CPU
		{20FADDB6-8EF4-43B4-AA07-1F23A634A92C}.Release|Any CPU.ActiveCfg = Release|Any CPU
		{20FADDB6-8EF4-43B4-AA07-1F23A634A92C}.Release|Any CPU.Build.0 = Release|Any CPU
		{20FADDB6-8EF4-43B4-AA07-1F23A634A92C}.Release|x64.ActiveCfg = Release|Any CPU
		{20FADDB6-8EF4-43B4-AA07-1F23A634A92C}.Release|x64.Build.0 = Release|Any CPU
		{20FADDB6-8EF4-43B4-AA07-1F23A634A92C}.Release|x86.ActiveCfg = Release|Any CPU
		{20FADDB6-8EF4-43B4-AA07-1F23A634A92C}.Release|x86.Build.0 = Release|Any CPU
		{D8F3AE25-16F5-4B71-B98D-ABBA9C5F9905}.Debug|Any CPU.ActiveCfg = Debug|Any CPU
		{D8F3AE25-16F5-4B71-B98D-ABBA9C5F9905}.Debug|Any CPU.Build.0 = Debug|Any CPU
		{D8F3AE25-16F5-4B71-B98D-ABBA9C5F9905}.Debug|x64.ActiveCfg = Debug|Any CPU
		{D8F3AE25-16F5-4B71-B98D-ABBA9C5F9905}.Debug|x64.Build.0 = Debug|Any CPU
		{D8F3AE25-16F5-4B71-B98D-ABBA9C5F9905}.Debug|x86.ActiveCfg = Debug|Any CPU
		{D8F3AE25-16F5-4B71-B98D-ABBA9C5F9905}.Debug|x86.Build.0 = Debug|Any CPU
		{D8F3AE25-16F5-4B71-B98D-ABBA9C5F9905}.Release|Any CPU.ActiveCfg = Release|Any CPU
		{D8F3AE25-16F5-4B71-B98D-ABBA9C5F9905}.Release|Any CPU.Build.0 = Release|Any CPU
		{D8F3AE25-16F5-4B71-B98D-ABBA9C5F9905}.Release|x64.ActiveCfg = Release|Any CPU
		{D8F3AE25-16F5-4B71-B98D-ABBA9C5F9905}.Release|x64.Build.0 = Release|Any CPU
		{D8F3AE25-16F5-4B71-B98D-ABBA9C5F9905}.Release|x86.ActiveCfg = Release|Any CPU
		{D8F3AE25-16F5-4B71-B98D-ABBA9C5F9905}.Release|x86.Build.0 = Release|Any CPU
		{CF7CE1FC-3B6F-4418-9B30-D06016399F9A}.Debug|Any CPU.ActiveCfg = Debug|Any CPU
		{CF7CE1FC-3B6F-4418-9B30-D06016399F9A}.Debug|Any CPU.Build.0 = Debug|Any CPU
		{CF7CE1FC-3B6F-4418-9B30-D06016399F9A}.Debug|x64.ActiveCfg = Debug|Any CPU
		{CF7CE1FC-3B6F-4418-9B30-D06016399F9A}.Debug|x64.Build.0 = Debug|Any CPU
		{CF7CE1FC-3B6F-4418-9B30-D06016399F9A}.Debug|x86.ActiveCfg = Debug|Any CPU
		{CF7CE1FC-3B6F-4418-9B30-D06016399F9A}.Debug|x86.Build.0 = Debug|Any CPU
		{CF7CE1FC-3B6F-4418-9B30-D06016399F9A}.Release|Any CPU.ActiveCfg = Release|Any CPU
		{CF7CE1FC-3B6F-4418-9B30-D06016399F9A}.Release|Any CPU.Build.0 = Release|Any CPU
		{CF7CE1FC-3B6F-4418-9B30-D06016399F9A}.Release|x64.ActiveCfg = Release|Any CPU
		{CF7CE1FC-3B6F-4418-9B30-D06016399F9A}.Release|x64.Build.0 = Release|Any CPU
		{CF7CE1FC-3B6F-4418-9B30-D06016399F9A}.Release|x86.ActiveCfg = Release|Any CPU
		{CF7CE1FC-3B6F-4418-9B30-D06016399F9A}.Release|x86.Build.0 = Release|Any CPU
		{A45315E3-C807-4ADE-A876-7BC60837D824}.Debug|Any CPU.ActiveCfg = Debug|Any CPU
		{A45315E3-C807-4ADE-A876-7BC60837D824}.Debug|Any CPU.Build.0 = Debug|Any CPU
		{A45315E3-C807-4ADE-A876-7BC60837D824}.Debug|x64.ActiveCfg = Debug|Any CPU
		{A45315E3-C807-4ADE-A876-7BC60837D824}.Debug|x64.Build.0 = Debug|Any CPU
		{A45315E3-C807-4ADE-A876-7BC60837D824}.Debug|x86.ActiveCfg = Debug|Any CPU
		{A45315E3-C807-4ADE-A876-7BC60837D824}.Debug|x86.Build.0 = Debug|Any CPU
		{A45315E3-C807-4ADE-A876-7BC60837D824}.Release|Any CPU.ActiveCfg = Release|Any CPU
		{A45315E3-C807-4ADE-A876-7BC60837D824}.Release|Any CPU.Build.0 = Release|Any CPU
		{A45315E3-C807-4ADE-A876-7BC60837D824}.Release|x64.ActiveCfg = Release|Any CPU
		{A45315E3-C807-4ADE-A876-7BC60837D824}.Release|x64.Build.0 = Release|Any CPU
		{A45315E3-C807-4ADE-A876-7BC60837D824}.Release|x86.ActiveCfg = Release|Any CPU
		{A45315E3-C807-4ADE-A876-7BC60837D824}.Release|x86.Build.0 = Release|Any CPU
		{BE53640B-9536-48D9-9325-ED9A247892BA}.Debug|Any CPU.ActiveCfg = Debug|Any CPU
		{BE53640B-9536-48D9-9325-ED9A247892BA}.Debug|Any CPU.Build.0 = Debug|Any CPU
		{BE53640B-9536-48D9-9325-ED9A247892BA}.Debug|x64.ActiveCfg = Debug|Any CPU
		{BE53640B-9536-48D9-9325-ED9A247892BA}.Debug|x64.Build.0 = Debug|Any CPU
		{BE53640B-9536-48D9-9325-ED9A247892BA}.Debug|x86.ActiveCfg = Debug|Any CPU
		{BE53640B-9536-48D9-9325-ED9A247892BA}.Debug|x86.Build.0 = Debug|Any CPU
		{BE53640B-9536-48D9-9325-ED9A247892BA}.Release|Any CPU.ActiveCfg = Release|Any CPU
		{BE53640B-9536-48D9-9325-ED9A247892BA}.Release|Any CPU.Build.0 = Release|Any CPU
		{BE53640B-9536-48D9-9325-ED9A247892BA}.Release|x64.ActiveCfg = Release|Any CPU
		{BE53640B-9536-48D9-9325-ED9A247892BA}.Release|x64.Build.0 = Release|Any CPU
		{BE53640B-9536-48D9-9325-ED9A247892BA}.Release|x86.ActiveCfg = Release|Any CPU
		{BE53640B-9536-48D9-9325-ED9A247892BA}.Release|x86.Build.0 = Release|Any CPU
		{49329E49-0155-40A0-8463-32484494D0E9}.Debug|Any CPU.ActiveCfg = Debug|Any CPU
		{49329E49-0155-40A0-8463-32484494D0E9}.Debug|Any CPU.Build.0 = Debug|Any CPU
		{49329E49-0155-40A0-8463-32484494D0E9}.Debug|x64.ActiveCfg = Debug|Any CPU
		{49329E49-0155-40A0-8463-32484494D0E9}.Debug|x64.Build.0 = Debug|Any CPU
		{49329E49-0155-40A0-8463-32484494D0E9}.Debug|x86.ActiveCfg = Debug|Any CPU
		{49329E49-0155-40A0-8463-32484494D0E9}.Debug|x86.Build.0 = Debug|Any CPU
		{49329E49-0155-40A0-8463-32484494D0E9}.Release|Any CPU.ActiveCfg = Release|Any CPU
		{49329E49-0155-40A0-8463-32484494D0E9}.Release|Any CPU.Build.0 = Release|Any CPU
		{49329E49-0155-40A0-8463-32484494D0E9}.Release|x64.ActiveCfg = Release|Any CPU
		{49329E49-0155-40A0-8463-32484494D0E9}.Release|x64.Build.0 = Release|Any CPU
		{49329E49-0155-40A0-8463-32484494D0E9}.Release|x86.ActiveCfg = Release|Any CPU
		{49329E49-0155-40A0-8463-32484494D0E9}.Release|x86.Build.0 = Release|Any CPU
		{22DF79B4-0BDD-4652-9E5E-9F441A876C24}.Debug|Any CPU.ActiveCfg = Debug|Any CPU
		{22DF79B4-0BDD-4652-9E5E-9F441A876C24}.Debug|Any CPU.Build.0 = Debug|Any CPU
		{22DF79B4-0BDD-4652-9E5E-9F441A876C24}.Debug|x64.ActiveCfg = Debug|Any CPU
		{22DF79B4-0BDD-4652-9E5E-9F441A876C24}.Debug|x64.Build.0 = Debug|Any CPU
		{22DF79B4-0BDD-4652-9E5E-9F441A876C24}.Debug|x86.ActiveCfg = Debug|Any CPU
		{22DF79B4-0BDD-4652-9E5E-9F441A876C24}.Debug|x86.Build.0 = Debug|Any CPU
		{22DF79B4-0BDD-4652-9E5E-9F441A876C24}.Release|Any CPU.ActiveCfg = Release|Any CPU
		{22DF79B4-0BDD-4652-9E5E-9F441A876C24}.Release|Any CPU.Build.0 = Release|Any CPU
		{22DF79B4-0BDD-4652-9E5E-9F441A876C24}.Release|x64.ActiveCfg = Release|Any CPU
		{22DF79B4-0BDD-4652-9E5E-9F441A876C24}.Release|x64.Build.0 = Release|Any CPU
		{22DF79B4-0BDD-4652-9E5E-9F441A876C24}.Release|x86.ActiveCfg = Release|Any CPU
		{22DF79B4-0BDD-4652-9E5E-9F441A876C24}.Release|x86.Build.0 = Release|Any CPU
	EndGlobalSection
EndGlobal
